
Microsoft Visual Studio Solution File, Format Version 11.00
# Visual Studio 2010
Project("{FAE04EC0-301F-11D3-BF4B-00C04F79EFBC}") = "HouseInteriorApp", "HouseInteriorApp\HouseInteriorApp.csproj", "{8E7878B5-BCA0-4DB8-907C-FCC67A3A3E4A}"
EndProject
Project("{FAE04EC0-301F-11D3-BF4B-00C04F79EFBC}") = "DomainModel", "DomainModel\DomainModel.csproj", "{32D76A29-35CC-4203-BE0D-9F44B34E51D3}"
EndProject
Global
	GlobalSection(SolutionConfigurationPlatforms) = preSolution
		Debug|Any CPU = Debug|Any CPU
		Debug|Mixed Platforms = Debug|Mixed Platforms
		Debug|x86 = Debug|x86
		Release|Any CPU = Release|Any CPU
		Release|Mixed Platforms = Release|Mixed Platforms
		Release|x86 = Release|x86
	EndGlobalSection
	GlobalSection(ProjectConfigurationPlatforms) = postSolution
		{8E7878B5-BCA0-4DB8-907C-FCC67A3A3E4A}.Debug|Any CPU.ActiveCfg = Debug|x86
		{8E7878B5-BCA0-4DB8-907C-FCC67A3A3E4A}.Debug|Mixed Platforms.ActiveCfg = Debug|x86
		{8E7878B5-BCA0-4DB8-907C-FCC67A3A3E4A}.Debug|Mixed Platforms.Build.0 = Debug|x86
		{8E7878B5-BCA0-4DB8-907C-FCC67A3A3E4A}.Debug|x86.ActiveCfg = Debug|x86
		{8E7878B5-BCA0-4DB8-907C-FCC67A3A3E4A}.Debug|x86.Build.0 = Debug|x86
		{8E7878B5-BCA0-4DB8-907C-FCC67A3A3E4A}.Release|Any CPU.ActiveCfg = Release|x86
		{8E7878B5-BCA0-4DB8-907C-FCC67A3A3E4A}.Release|Mixed Platforms.ActiveCfg = Release|x86
		{8E7878B5-BCA0-4DB8-907C-FCC67A3A3E4A}.Release|Mixed Platforms.Build.0 = Release|x86
		{8E7878B5-BCA0-4DB8-907C-FCC67A3A3E4A}.Release|x86.ActiveCfg = Release|x86
		{8E7878B5-BCA0-4DB8-907C-FCC67A3A3E4A}.Release|x86.Build.0 = Release|x86
		{32D76A29-35CC-4203-BE0D-9F44B34E51D3}.Debug|Any CPU.ActiveCfg = Debug|Any CPU
		{32D76A29-35CC-4203-BE0D-9F44B34E51D3}.Debug|Any CPU.Build.0 = Debug|Any CPU
		{32D76A29-35CC-4203-BE0D-9F44B34E51D3}.Debug|Mixed Platforms.ActiveCfg = Debug|Any CPU
		{32D76A29-35CC-4203-BE0D-9F44B34E51D3}.Debug|Mixed Platforms.Build.0 = Debug|Any CPU
		{32D76A29-35CC-4203-BE0D-9F44B34E51D3}.Debug|x86.ActiveCfg = Debug|Any CPU
		{32D76A29-35CC-4203-BE0D-9F44B34E51D3}.Release|Any CPU.ActiveCfg = Release|Any CPU
		{32D76A29-35CC-4203-BE0D-9F44B34E51D3}.Release|Any CPU.Build.0 = Release|Any CPU
		{32D76A29-35CC-4203-BE0D-9F44B34E51D3}.Release|Mixed Platforms.ActiveCfg = Release|Any CPU
		{32D76A29-35CC-4203-BE0D-9F44B34E51D3}.Release|Mixed Platforms.Build.0 = Release|Any CPU
		{32D76A29-35CC-4203-BE0D-9F44B34E51D3}.Release|x86.ActiveCfg = Release|Any CPU
	EndGlobalSection
	GlobalSection(SolutionProperties) = preSolution
		HideSolutionNode = FALSE
	EndGlobalSection
EndGlobal
