
Microsoft Visual Studio Solution File, Format Version 11.00
# Visual Studio 2010
Project("{FAE04EC0-301F-11D3-BF4B-00C04F79EFBC}") = "Paint", "Paint\Paint.csproj", "{27F34AA0-1F4A-4B34-8CC2-88230C8CF2B2}"
EndProject
Global
	GlobalSection(SolutionConfigurationPlatforms) = preSolution
		Debug|x86 = Debug|x86
		Release|x86 = Release|x86
	EndGlobalSection
	GlobalSection(ProjectConfigurationPlatforms) = postSolution
		{27F34AA0-1F4A-4B34-8CC2-88230C8CF2B2}.Debug|x86.ActiveCfg = Debug|x86
		{27F34AA0-1F4A-4B34-8CC2-88230C8CF2B2}.Debug|x86.Build.0 = Debug|x86
		{27F34AA0-1F4A-4B34-8CC2-88230C8CF2B2}.Release|x86.ActiveCfg = Release|x86
		{27F34AA0-1F4A-4B34-8CC2-88230C8CF2B2}.Release|x86.Build.0 = Release|x86
	EndGlobalSection
	GlobalSection(SolutionProperties) = preSolution
		HideSolutionNode = FALSE
	EndGlobalSection
EndGlobal
