
Microsoft Visual Studio Solution File, Format Version 11.00
# Visual Studio 2010
Project("{FAE04EC0-301F-11D3-BF4B-00C04F79EFBC}") = "Orders_AfterEA", "Orders_AfterEA\Orders_AfterEA.csproj", "{C011D7F4-637A-4D00-8F25-CB02792A5812}"
EndProject
Project("{FAE04EC0-301F-11D3-BF4B-00C04F79EFBC}") = "Orders_AfterEA_WithMessenger", "Orders_AfterEA_WithMessenger\Orders_AfterEA_WithMessenger.csproj", "{1AB588BF-8831-402D-9576-0D7C972F014A}"
EndProject
Project("{FAE04EC0-301F-11D3-BF4B-00C04F79EFBC}") = "Orders_AfterEA_WithPrism", "Orders_AfterEA_WithPrism\Orders_AfterEA_WithPrism.csproj", "{9FA9F93E-E621-456C-B408-E933BF411A03}"
EndProject
Project("{FAE04EC0-301F-11D3-BF4B-00C04F79EFBC}") = "Orders_BeforeEA", "Orders_BeforeEA\Orders_BeforeEA.csproj", "{7A24371C-A2C2-42B0-8545-D9166969F7B5}"
EndProject
Project("{2150E333-8FDC-42A3-9474-1A3956D46DE8}") = "Orders_EA", "Orders_EA", "{A1A21E30-4718-4AF6-AD2D-5CA4F6622C11}"
EndProject
Project("{2150E333-8FDC-42A3-9474-1A3956D46DE8}") = "Orders_BeforeEA", "Orders_BeforeEA", "{2A2FA984-BCE4-41C1-AC8F-FE085EC92A40}"
EndProject
Global
	GlobalSection(SolutionConfigurationPlatforms) = preSolution
		Debug|Any CPU = Debug|Any CPU
		Release|Any CPU = Release|Any CPU
	EndGlobalSection
	GlobalSection(ProjectConfigurationPlatforms) = postSolution
		{C011D7F4-637A-4D00-8F25-CB02792A5812}.Debug|Any CPU.ActiveCfg = Debug|Any CPU
		{C011D7F4-637A-4D00-8F25-CB02792A5812}.Debug|Any CPU.Build.0 = Debug|Any CPU
		{C011D7F4-637A-4D00-8F25-CB02792A5812}.Release|Any CPU.ActiveCfg = Release|Any CPU
		{C011D7F4-637A-4D00-8F25-CB02792A5812}.Release|Any CPU.Build.0 = Release|Any CPU
		{1AB588BF-8831-402D-9576-0D7C972F014A}.Debug|Any CPU.ActiveCfg = Debug|Any CPU
		{1AB588BF-8831-402D-9576-0D7C972F014A}.Debug|Any CPU.Build.0 = Debug|Any CPU
		{1AB588BF-8831-402D-9576-0D7C972F014A}.Release|Any CPU.ActiveCfg = Release|Any CPU
		{1AB588BF-8831-402D-9576-0D7C972F014A}.Release|Any CPU.Build.0 = Release|Any CPU
		{9FA9F93E-E621-456C-B408-E933BF411A03}.Debug|Any CPU.ActiveCfg = Debug|Any CPU
		{9FA9F93E-E621-456C-B408-E933BF411A03}.Debug|Any CPU.Build.0 = Debug|Any CPU
		{9FA9F93E-E621-456C-B408-E933BF411A03}.Release|Any CPU.ActiveCfg = Release|Any CPU
		{9FA9F93E-E621-456C-B408-E933BF411A03}.Release|Any CPU.Build.0 = Release|Any CPU
		{7A24371C-A2C2-42B0-8545-D9166969F7B5}.Debug|Any CPU.ActiveCfg = Debug|Any CPU
		{7A24371C-A2C2-42B0-8545-D9166969F7B5}.Debug|Any CPU.Build.0 = Debug|Any CPU
		{7A24371C-A2C2-42B0-8545-D9166969F7B5}.Release|Any CPU.ActiveCfg = Release|Any CPU
		{7A24371C-A2C2-42B0-8545-D9166969F7B5}.Release|Any CPU.Build.0 = Release|Any CPU
	EndGlobalSection
	GlobalSection(SolutionProperties) = preSolution
		HideSolutionNode = FALSE
	EndGlobalSection
	GlobalSection(NestedProjects) = preSolution
		{9FA9F93E-E621-456C-B408-E933BF411A03} = {A1A21E30-4718-4AF6-AD2D-5CA4F6622C11}
		{C011D7F4-637A-4D00-8F25-CB02792A5812} = {A1A21E30-4718-4AF6-AD2D-5CA4F6622C11}
		{1AB588BF-8831-402D-9576-0D7C972F014A} = {A1A21E30-4718-4AF6-AD2D-5CA4F6622C11}
		{7A24371C-A2C2-42B0-8545-D9166969F7B5} = {2A2FA984-BCE4-41C1-AC8F-FE085EC92A40}
	EndGlobalSection
EndGlobal
