
Microsoft Visual Studio Solution File, Format Version 11.00
# Visual Studio 2010
Project("{FAE04EC0-301F-11D3-BF4B-00C04F79EFBC}") = "Pluralsight.Mediator", "Pluralsight.Mediator\Pluralsight.Mediator.csproj", "{047AA64A-9F8E-418A-8FA0-CDBE3AEB9EA6}"
EndProject
Global
	GlobalSection(SolutionConfigurationPlatforms) = preSolution
		Debug|Any CPU = Debug|Any CPU
		Release|Any CPU = Release|Any CPU
	EndGlobalSection
	GlobalSection(ProjectConfigurationPlatforms) = postSolution
		{047AA64A-9F8E-418A-8FA0-CDBE3AEB9EA6}.Debug|Any CPU.ActiveCfg = Debug|Any CPU
		{047AA64A-9F8E-418A-8FA0-CDBE3AEB9EA6}.Debug|Any CPU.Build.0 = Debug|Any CPU
		{047AA64A-9F8E-418A-8FA0-CDBE3AEB9EA6}.Release|Any CPU.ActiveCfg = Release|Any CPU
		{047AA64A-9F8E-418A-8FA0-CDBE3AEB9EA6}.Release|Any CPU.Build.0 = Release|Any CPU
	EndGlobalSection
	GlobalSection(SolutionProperties) = preSolution
		HideSolutionNode = FALSE
	EndGlobalSection
EndGlobal
